// !$*UTF8*$!
{
	archiveVersion = 1;
	classes = {
	};
	objectVersion = 50;
	objects = {

/* Begin PBXBuildFile section */
		DA42477C235F4D710047D3E3 /* UnitConversions.swift in Sources */ = {isa = PBXBuildFile; fileRef = DA42477B235F4D710047D3E3 /* UnitConversions.swift */; };
		DA42477E23615A6F0047D3E3 /* TripCell.swift in Sources */ = {isa = PBXBuildFile; fileRef = DA42477D23615A6F0047D3E3 /* TripCell.swift */; };
		DA4CC46C235D46ED00AB43FD /* AppDelegate.swift in Sources */ = {isa = PBXBuildFile; fileRef = DA4CC46B235D46ED00AB43FD /* AppDelegate.swift */; };
		DA4CC46E235D46ED00AB43FD /* SceneDelegate.swift in Sources */ = {isa = PBXBuildFile; fileRef = DA4CC46D235D46ED00AB43FD /* SceneDelegate.swift */; };
		DA4CC470235D46ED00AB43FD /* MapViewController.swift in Sources */ = {isa = PBXBuildFile; fileRef = DA4CC46F235D46ED00AB43FD /* MapViewController.swift */; };
		DA4CC475235D46ED00AB43FD /* Main.storyboard in Resources */ = {isa = PBXBuildFile; fileRef = DA4CC473235D46ED00AB43FD /* Main.storyboard */; };
		DA4CC478235D46ED00AB43FD /* Walkabout.xcdatamodeld in Sources */ = {isa = PBXBuildFile; fileRef = DA4CC476235D46ED00AB43FD /* Walkabout.xcdatamodeld */; };
		DA4CC47A235D46F000AB43FD /* Assets.xcassets in Resources */ = {isa = PBXBuildFile; fileRef = DA4CC479235D46F000AB43FD /* Assets.xcassets */; };
		DA4CC47D235D46F000AB43FD /* LaunchScreen.storyboard in Resources */ = {isa = PBXBuildFile; fileRef = DA4CC47B235D46F000AB43FD /* LaunchScreen.storyboard */; };
		DA4CC485235E9B1200AB43FD /* DatabaseController.swift in Sources */ = {isa = PBXBuildFile; fileRef = DA4CC484235E9B1200AB43FD /* DatabaseController.swift */; };
		DA4CC487235EAEF600AB43FD /* TripInfoViewController.swift in Sources */ = {isa = PBXBuildFile; fileRef = DA4CC486235EAEF600AB43FD /* TripInfoViewController.swift */; };
		DA4CC489235EAF2300AB43FD /* SavedTripsMasterViewController.swift in Sources */ = {isa = PBXBuildFile; fileRef = DA4CC488235EAF2300AB43FD /* SavedTripsMasterViewController.swift */; };
		DA4CC48B235EAF3500AB43FD /* SavedTripsDetailViewController.swift in Sources */ = {isa = PBXBuildFile; fileRef = DA4CC48A235EAF3500AB43FD /* SavedTripsDetailViewController.swift */; };
		DA4CC48D235EB26900AB43FD /* LocationManager.swift in Sources */ = {isa = PBXBuildFile; fileRef = DA4CC48C235EB26900AB43FD /* LocationManager.swift */; };
/* End PBXBuildFile section */

/* Begin PBXFileReference section */
		DA42477B235F4D710047D3E3 /* UnitConversions.swift */ = {isa = PBXFileReference; lastKnownFileType = sourcecode.swift; path = UnitConversions.swift; sourceTree = "<group>"; };
		DA42477D23615A6F0047D3E3 /* TripCell.swift */ = {isa = PBXFileReference; lastKnownFileType = sourcecode.swift; path = TripCell.swift; sourceTree = "<group>"; };
		DA4CC468235D46ED00AB43FD /* Walkabout.app */ = {isa = PBXFileReference; explicitFileType = wrapper.application; includeInIndex = 0; path = Walkabout.app; sourceTree = BUILT_PRODUCTS_DIR; };
		DA4CC46B235D46ED00AB43FD /* AppDelegate.swift */ = {isa = PBXFileReference; lastKnownFileType = sourcecode.swift; path = AppDelegate.swift; sourceTree = "<group>"; };
		DA4CC46D235D46ED00AB43FD /* SceneDelegate.swift */ = {isa = PBXFileReference; lastKnownFileType = sourcecode.swift; path = SceneDelegate.swift; sourceTree = "<group>"; };
		DA4CC46F235D46ED00AB43FD /* MapViewController.swift */ = {isa = PBXFileReference; lastKnownFileType = sourcecode.swift; path = MapViewController.swift; sourceTree = "<group>"; };
		DA4CC474235D46ED00AB43FD /* Base */ = {isa = PBXFileReference; lastKnownFileType = file.storyboard; name = Base; path = Base.lproj/Main.storyboard; sourceTree = "<group>"; };
		DA4CC477235D46ED00AB43FD /* Walkabout.xcdatamodel */ = {isa = PBXFileReference; lastKnownFileType = wrapper.xcdatamodel; path = Walkabout.xcdatamodel; sourceTree = "<group>"; };
		DA4CC479235D46F000AB43FD /* Assets.xcassets */ = {isa = PBXFileReference; lastKnownFileType = folder.assetcatalog; path = Assets.xcassets; sourceTree = "<group>"; };
		DA4CC47C235D46F000AB43FD /* Base */ = {isa = PBXFileReference; lastKnownFileType = file.storyboard; name = Base; path = Base.lproj/LaunchScreen.storyboard; sourceTree = "<group>"; };
		DA4CC47E235D46F000AB43FD /* Info.plist */ = {isa = PBXFileReference; lastKnownFileType = text.plist.xml; path = Info.plist; sourceTree = "<group>"; };
		DA4CC484235E9B1200AB43FD /* DatabaseController.swift */ = {isa = PBXFileReference; lastKnownFileType = sourcecode.swift; path = DatabaseController.swift; sourceTree = "<group>"; };
		DA4CC486235EAEF600AB43FD /* TripInfoViewController.swift */ = {isa = PBXFileReference; lastKnownFileType = sourcecode.swift; path = TripInfoViewController.swift; sourceTree = "<group>"; };
		DA4CC488235EAF2300AB43FD /* SavedTripsMasterViewController.swift */ = {isa = PBXFileReference; lastKnownFileType = sourcecode.swift; path = SavedTripsMasterViewController.swift; sourceTree = "<group>"; };
		DA4CC48A235EAF3500AB43FD /* SavedTripsDetailViewController.swift */ = {isa = PBXFileReference; lastKnownFileType = sourcecode.swift; path = SavedTripsDetailViewController.swift; sourceTree = "<group>"; };
		DA4CC48C235EB26900AB43FD /* LocationManager.swift */ = {isa = PBXFileReference; lastKnownFileType = sourcecode.swift; path = LocationManager.swift; sourceTree = "<group>"; };
/* End PBXFileReference section */

/* Begin PBXFrameworksBuildPhase section */
		DA4CC465235D46ED00AB43FD /* Frameworks */ = {
			isa = PBXFrameworksBuildPhase;
			buildActionMask = 2147483647;
			files = (
			);
			runOnlyForDeploymentPostprocessing = 0;
		};
/* End PBXFrameworksBuildPhase section */

/* Begin PBXGroup section */
		DA4CC45F235D46ED00AB43FD = {
			isa = PBXGroup;
			children = (
				DA4CC46A235D46ED00AB43FD /* Walkabout */,
				DA4CC469235D46ED00AB43FD /* Products */,
			);
			sourceTree = "<group>";
		};
		DA4CC469235D46ED00AB43FD /* Products */ = {
			isa = PBXGroup;
			children = (
				DA4CC468235D46ED00AB43FD /* Walkabout.app */,
			);
			name = Products;
			sourceTree = "<group>";
		};
		DA4CC46A235D46ED00AB43FD /* Walkabout */ = {
			isa = PBXGroup;
			children = (
				DA4CC46B235D46ED00AB43FD /* AppDelegate.swift */,
				DA4CC484235E9B1200AB43FD /* DatabaseController.swift */,
				DA4CC46D235D46ED00AB43FD /* SceneDelegate.swift */,
				DA4CC46F235D46ED00AB43FD /* MapViewController.swift */,
				DA42477B235F4D710047D3E3 /* UnitConversions.swift */,
				DA4CC473235D46ED00AB43FD /* Main.storyboard */,
				DA4CC48C235EB26900AB43FD /* LocationManager.swift */,
				DA4CC486235EAEF600AB43FD /* TripInfoViewController.swift */,
				DA4CC488235EAF2300AB43FD /* SavedTripsMasterViewController.swift */,
				DA4CC48A235EAF3500AB43FD /* SavedTripsDetailViewController.swift */,
				DA42477D23615A6F0047D3E3 /* TripCell.swift */,
				DA4CC479235D46F000AB43FD /* Assets.xcassets */,
				DA4CC47B235D46F000AB43FD /* LaunchScreen.storyboard */,
				DA4CC47E235D46F000AB43FD /* Info.plist */,
				DA4CC476235D46ED00AB43FD /* Walkabout.xcdatamodeld */,
			);
			path = Walkabout;
			sourceTree = "<group>";
		};
/* End PBXGroup section */

/* Begin PBXNativeTarget section */
		DA4CC467235D46ED00AB43FD /* Walkabout */ = {
			isa = PBXNativeTarget;
			buildConfigurationList = DA4CC481235D46F000AB43FD /* Build configuration list for PBXNativeTarget "Walkabout" */;
			buildPhases = (
				DA4CC464235D46ED00AB43FD /* Sources */,
				DA4CC465235D46ED00AB43FD /* Frameworks */,
				DA4CC466235D46ED00AB43FD /* Resources */,
			);
			buildRules = (
			);
			dependencies = (
			);
			name = Walkabout;
			productName = Walkabout;
			productReference = DA4CC468235D46ED00AB43FD /* Walkabout.app */;
			productType = "com.apple.product-type.application";
		};
/* End PBXNativeTarget section */

/* Begin PBXProject section */
		DA4CC460235D46ED00AB43FD /* Project object */ = {
			isa = PBXProject;
			attributes = {
				LastSwiftUpdateCheck = 1110;
				LastUpgradeCheck = 1110;
				ORGANIZATIONNAME = "Nabil Haffar";
				TargetAttributes = {
					DA4CC467235D46ED00AB43FD = {
						CreatedOnToolsVersion = 11.1;
					};
				};
			};
			buildConfigurationList = DA4CC463235D46ED00AB43FD /* Build configuration list for PBXProject "Walkabout" */;
			compatibilityVersion = "Xcode 9.3";
			developmentRegion = en;
			hasScannedForEncodings = 0;
			knownRegions = (
				en,
				Base,
			);
			mainGroup = DA4CC45F235D46ED00AB43FD;
			productRefGroup = DA4CC469235D46ED00AB43FD /* Products */;
			projectDirPath = "";
			projectRoot = "";
			targets = (
				DA4CC467235D46ED00AB43FD /* Walkabout */,
			);
		};
/* End PBXProject section */

/* Begin PBXResourcesBuildPhase section */
		DA4CC466235D46ED00AB43FD /* Resources */ = {
			isa = PBXResourcesBuildPhase;
			buildActionMask = 2147483647;
			files = (
				DA4CC47D235D46F000AB43FD /* LaunchScreen.storyboard in Resources */,
				DA4CC47A235D46F000AB43FD /* Assets.xcassets in Resources */,
				DA4CC475235D46ED00AB43FD /* Main.storyboard in Resources */,
			);
			runOnlyForDeploymentPostprocessing = 0;
		};
/* End PBXResourcesBuildPhase section */

/* Begin PBXSourcesBuildPhase section */
		DA4CC464235D46ED00AB43FD /* Sources */ = {
			isa = PBXSourcesBuildPhase;
			buildActionMask = 2147483647;
			files = (
				DA4CC470235D46ED00AB43FD /* MapViewController.swift in Sources */,
				DA4CC487235EAEF600AB43FD /* TripInfoViewController.swift in Sources */,
				DA4CC485235E9B1200AB43FD /* DatabaseController.swift in Sources */,
				DA4CC489235EAF2300AB43FD /* SavedTripsMasterViewController.swift in Sources */,
				DA4CC46C235D46ED00AB43FD /* AppDelegate.swift in Sources */,
				DA42477E23615A6F0047D3E3 /* TripCell.swift in Sources */,
				DA4CC478235D46ED00AB43FD /* Walkabout.xcdatamodeld in Sources */,
				DA4CC48B235EAF3500AB43FD /* SavedTripsDetailViewController.swift in Sources */,
				DA42477C235F4D710047D3E3 /* UnitConversions.swift in Sources */,
				DA4CC46E235D46ED00AB43FD /* SceneDelegate.swift in Sources */,
				DA4CC48D235EB26900AB43FD /* LocationManager.swift in Sources */,
			);
			runOnlyForDeploymentPostprocessing = 0;
		};
/* End PBXSourcesBuildPhase section */

/* Begin PBXVariantGroup section */
		DA4CC473235D46ED00AB43FD /* Main.storyboard */ = {
			isa = PBXVariantGroup;
			children = (
				DA4CC474235D46ED00AB43FD /* Base */,
			);
			name = Main.storyboard;
			sourceTree = "<group>";
		};
		DA4CC47B235D46F000AB43FD /* LaunchScreen.storyboard */ = {
			isa = PBXVariantGroup;
			children = (
				DA4CC47C235D46F000AB43FD /* Base */,
			);
			name = LaunchScreen.storyboard;
			sourceTree = "<group>";
		};
/* End PBXVariantGroup section */

/* Begin XCBuildConfiguration section */
		DA4CC47F235D46F000AB43FD /* Debug */ = {
			isa = XCBuildConfiguration;
			buildSettings = {
				ALWAYS_SEARCH_USER_PATHS = NO;
				CLANG_ANALYZER_NONNULL = YES;
				CLANG_ANALYZER_NUMBER_OBJECT_CONVERSION = YES_AGGRESSIVE;
				CLANG_CXX_LANGUAGE_STANDARD = "gnu++14";
				CLANG_CXX_LIBRARY = "libc++";
				CLANG_ENABLE_MODULES = YES;
				CLANG_ENABLE_OBJC_ARC = YES;
				CLANG_ENABLE_OBJC_WEAK = YES;
				CLANG_WARN_BLOCK_CAPTURE_AUTORELEASING = YES;
				CLANG_WARN_BOOL_CONVERSION = YES;
				CLANG_WARN_COMMA = YES;
				CLANG_WARN_CONSTANT_CONVERSION = YES;
				CLANG_WARN_DEPRECATED_OBJC_IMPLEMENTATIONS = YES;
				CLANG_WARN_DIRECT_OBJC_ISA_USAGE = YES_ERROR;
				CLANG_WARN_DOCUMENTATION_COMMENTS = YES;
				CLANG_WARN_EMPTY_BODY = YES;
				CLANG_WARN_ENUM_CONVERSION = YES;
				CLANG_WARN_INFINITE_RECURSION = YES;
				CLANG_WARN_INT_CONVERSION = YES;
				CLANG_WARN_NON_LITERAL_NULL_CONVERSION = YES;
				CLANG_WARN_OBJC_IMPLICIT_RETAIN_SELF = YES;
				CLANG_WARN_OBJC_LITERAL_CONVERSION = YES;
				CLANG_WARN_OBJC_ROOT_CLASS = YES_ERROR;
				CLANG_WARN_RANGE_LOOP_ANALYSIS = YES;
				CLANG_WARN_STRICT_PROTOTYPES = YES;
				CLANG_WARN_SUSPICIOUS_MOVE = YES;
				CLANG_WARN_UNGUARDED_AVAILABILITY = YES_AGGRESSIVE;
				CLANG_WARN_UNREACHABLE_CODE = YES;
				CLANG_WARN__DUPLICATE_METHOD_MATCH = YES;
				COPY_PHASE_STRIP = NO;
				DEBUG_INFORMATION_FORMAT = dwarf;
				ENABLE_STRICT_OBJC_MSGSEND = YES;
				ENABLE_TESTABILITY = YES;
				GCC_C_LANGUAGE_STANDARD = gnu11;
				GCC_DYNAMIC_NO_PIC = NO;
				GCC_NO_COMMON_BLOCKS = YES;
				GCC_OPTIMIZATION_LEVEL = 0;
				GCC_PREPROCESSOR_DEFINITIONS = (
					"DEBUG=1",
					"$(inherited)",
				);
				GCC_WARN_64_TO_32_BIT_CONVERSION = YES;
				GCC_WARN_ABOUT_RETURN_TYPE = YES_ERROR;
				GCC_WARN_UNDECLARED_SELECTOR = YES;
				GCC_WARN_UNINITIALIZED_AUTOS = YES_AGGRESSIVE;
				GCC_WARN_UNUSED_FUNCTION = YES;
				GCC_WARN_UNUSED_VARIABLE = YES;
				IPHONEOS_DEPLOYMENT_TARGET = 13.1;
				MTL_ENABLE_DEBUG_INFO = INCLUDE_SOURCE;
				MTL_FAST_MATH = YES;
				ONLY_ACTIVE_ARCH = YES;
				SDKROOT = iphoneos;
				SWIFT_ACTIVE_COMPILATION_CONDITIONS = DEBUG;
				SWIFT_OPTIMIZATION_LEVEL = "-Onone";
			};
			name = Debug;
		};
		DA4CC480235D46F000AB43FD /* Release */ = {
			isa = XCBuildConfiguration;
			buildSettings = {
				ALWAYS_SEARCH_USER_PATHS = NO;
				CLANG_ANALYZER_NONNULL = YES;
				CLANG_ANALYZER_NUMBER_OBJECT_CONVERSION = YES_AGGRESSIVE;
				CLANG_CXX_LANGUAGE_STANDARD = "gnu++14";
				CLANG_CXX_LIBRARY = "libc++";
				CLANG_ENABLE_MODULES = YES;
				CLANG_ENABLE_OBJC_ARC = YES;
				CLANG_ENABLE_OBJC_WEAK = YES;
				CLANG_WARN_BLOCK_CAPTURE_AUTORELEASING = YES;
				CLANG_WARN_BOOL_CONVERSION = YES;
				CLANG_WARN_COMMA = YES;
				CLANG_WARN_CONSTANT_CONVERSION = YES;
				CLANG_WARN_DEPRECATED_OBJC_IMPLEMENTATIONS = YES;
				CLANG_WARN_DIRECT_OBJC_ISA_USAGE = YES_ERROR;
				CLANG_WARN_DOCUMENTATION_COMMENTS = YES;
				CLANG_WARN_EMPTY_BODY = YES;
				CLANG_WARN_ENUM_CONVERSION = YES;
				CLANG_WARN_INFINITE_RECURSION = YES;
				CLANG_WARN_INT_CONVERSION = YES;
				CLANG_WARN_NON_LITERAL_NULL_CONVERSION = YES;
				CLANG_WARN_OBJC_IMPLICIT_RETAIN_SELF = YES;
				CLANG_WARN_OBJC_LITERAL_CONVERSION = YES;
				CLANG_WARN_OBJC_ROOT_CLASS = YES_ERROR;
				CLANG_WARN_RANGE_LOOP_ANALYSIS = YES;
				CLANG_WARN_STRICT_PROTOTYPES = YES;
				CLANG_WARN_SUSPICIOUS_MOVE = YES;
				CLANG_WARN_UNGUARDED_AVAILABILITY = YES_AGGRESSIVE;
				CLANG_WARN_UNREACHABLE_CODE = YES;
				CLANG_WARN__DUPLICATE_METHOD_MATCH = YES;
				COPY_PHASE_STRIP = NO;
				DEBUG_INFORMATION_FORMAT = "dwarf-with-dsym";
				ENABLE_NS_ASSERTIONS = NO;
				ENABLE_STRICT_OBJC_MSGSEND = YES;
				GCC_C_LANGUAGE_STANDARD = gnu11;
				GCC_NO_COMMON_BLOCKS = YES;
				GCC_WARN_64_TO_32_BIT_CONVERSION = YES;
				GCC_WARN_ABOUT_RETURN_TYPE = YES_ERROR;
				GCC_WARN_UNDECLARED_SELECTOR = YES;
				GCC_WARN_UNINITIALIZED_AUTOS = YES_AGGRESSIVE;
				GCC_WARN_UNUSED_FUNCTION = YES;
				GCC_WARN_UNUSED_VARIABLE = YES;
				IPHONEOS_DEPLOYMENT_TARGET = 13.1;
				MTL_ENABLE_DEBUG_INFO = NO;
				MTL_FAST_MATH = YES;
				SDKROOT = iphoneos;
				SWIFT_COMPILATION_MODE = wholemodule;
				SWIFT_OPTIMIZATION_LEVEL = "-O";
				VALIDATE_PRODUCT = YES;
			};
			name = Release;
		};
		DA4CC482235D46F000AB43FD /* Debug */ = {
			isa = XCBuildConfiguration;
			buildSettings = {
				ASSETCATALOG_COMPILER_APPICON_NAME = AppIcon;
				CODE_SIGN_STYLE = Automatic;
				DEVELOPMENT_TEAM = 4XLCDGM294;
				INFOPLIST_FILE = Walkabout/Info.plist;
				LD_RUNPATH_SEARCH_PATHS = (
					"$(inherited)",
					"@executable_path/Frameworks",
				);
				PRODUCT_BUNDLE_IDENTIFIER = na60..Walkabout;
				PRODUCT_NAME = "$(TARGET_NAME)";
				SWIFT_VERSION = 5.0;
				TARGETED_DEVICE_FAMILY = "1,2";
			};
			name = Debug;
		};
		DA4CC483235D46F000AB43FD /* Release */ = {
			isa = XCBuildConfiguration;
			buildSettings = {
				ASSETCATALOG_COMPILER_APPICON_NAME = AppIcon;
				CODE_SIGN_STYLE = Automatic;
				DEVELOPMENT_TEAM = 4XLCDGM294;
				INFOPLIST_FILE = Walkabout/Info.plist;
				LD_RUNPATH_SEARCH_PATHS = (
					"$(inherited)",
					"@executable_path/Frameworks",
				);
				PRODUCT_BUNDLE_IDENTIFIER = na60..Walkabout;
				PRODUCT_NAME = "$(TARGET_NAME)";
				SWIFT_VERSION = 5.0;
				TARGETED_DEVICE_FAMILY = "1,2";
			};
			name = Release;
		};
/* End XCBuildConfiguration section */

/* Begin XCConfigurationList section */
		DA4CC463235D46ED00AB43FD /* Build configuration list for PBXProject "Walkabout" */ = {
			isa = XCConfigurationList;
			buildConfigurations = (
				DA4CC47F235D46F000AB43FD /* Debug */,
				DA4CC480235D46F000AB43FD /* Release */,
			);
			defaultConfigurationIsVisible = 0;
			defaultConfigurationName = Release;
		};
		DA4CC481235D46F000AB43FD /* Build configuration list for PBXNativeTarget "Walkabout" */ = {
			isa = XCConfigurationList;
			buildConfigurations = (
				DA4CC482235D46F000AB43FD /* Debug */,
				DA4CC483235D46F000AB43FD /* Release */,
			);
			defaultConfigurationIsVisible = 0;
			defaultConfigurationName = Release;
		};
/* End XCConfigurationList section */

/* Begin XCVersionGroup section */
		DA4CC476235D46ED00AB43FD /* Walkabout.xcdatamodeld */ = {
			isa = XCVersionGroup;
			children = (
				DA4CC477235D46ED00AB43FD /* Walkabout.xcdatamodel */,
			);
			currentVersion = DA4CC477235D46ED00AB43FD /* Walkabout.xcdatamodel */;
			path = Walkabout.xcdatamodeld;
			sourceTree = "<group>";
			versionGroupType = wrapper.xcdatamodel;
		};
/* End XCVersionGroup section */
	};
	rootObject = DA4CC460235D46ED00AB43FD /* Project object */;
}
